
Microsoft Visual Studio Solution File, Format Version 12.00
# Visual Studio 15
VisualStudioVersion = 15.0.26430.12
MinimumVisualStudioVersion = 10.0.40219.1
Project("{FAE04EC0-301F-11D3-BF4B-00C04F79EFBC}") = "EMServices", "EMServices\EMServices.csproj", "{20E6C7B1-489B-4266-8E73-A3B73C9CF3E4}"
EndProject
Project("{2150E333-8FDC-42A3-9474-1A3956D46DE8}") = "ServiceAPI", "ServiceAPI", "{8DD9E265-EA83-4FBE-B9DB-7D1A438C17B2}"
EndProject
Project("{2150E333-8FDC-42A3-9474-1A3956D46DE8}") = "DataLayer", "DataLayer", "{D2F37AA9-CA68-473E-B21C-A75027A8B65A}"
EndProject
Project("{2150E333-8FDC-42A3-9474-1A3956D46DE8}") = "DataContract", "DataContract", "{50E8B4A1-0D7A-4A2F-B868-BCACF91C9D85}"
EndProject
Project("{2150E333-8FDC-42A3-9474-1A3956D46DE8}") = "ServiceContract", "ServiceContract", "{228C47BD-FAB2-4CFC-9659-C56297B34AC6}"
EndProject
Project("{FAE04EC0-301F-11D3-BF4B-00C04F79EFBC}") = "DataContract", "DataContract\DataContract.csproj", "{DDD7F1F9-F7FF-4B14-8226-647FF6C31E40}"
EndProject
Project("{FAE04EC0-301F-11D3-BF4B-00C04F79EFBC}") = "DataLayer", "DataLayer\DataLayer.csproj", "{15A7F419-FFC5-40ED-ACB6-9DA45D22C4BE}"
EndProject
Project("{FAE04EC0-301F-11D3-BF4B-00C04F79EFBC}") = "ServiceContract", "DataService\ServiceContract.csproj", "{3B480901-0B29-417E-A20D-B41AF7C995B2}"
EndProject
Global
	GlobalSection(SolutionConfigurationPlatforms) = preSolution
		Debug|Any CPU = Debug|Any CPU
		Release|Any CPU = Release|Any CPU
	EndGlobalSection
	GlobalSection(ProjectConfigurationPlatforms) = postSolution
		{20E6C7B1-489B-4266-8E73-A3B73C9CF3E4}.Debug|Any CPU.ActiveCfg = Debug|Any CPU
		{20E6C7B1-489B-4266-8E73-A3B73C9CF3E4}.Debug|Any CPU.Build.0 = Debug|Any CPU
		{20E6C7B1-489B-4266-8E73-A3B73C9CF3E4}.Release|Any CPU.ActiveCfg = Release|Any CPU
		{20E6C7B1-489B-4266-8E73-A3B73C9CF3E4}.Release|Any CPU.Build.0 = Release|Any CPU
		{DDD7F1F9-F7FF-4B14-8226-647FF6C31E40}.Debug|Any CPU.ActiveCfg = Debug|Any CPU
		{DDD7F1F9-F7FF-4B14-8226-647FF6C31E40}.Debug|Any CPU.Build.0 = Debug|Any CPU
		{DDD7F1F9-F7FF-4B14-8226-647FF6C31E40}.Release|Any CPU.ActiveCfg = Release|Any CPU
		{DDD7F1F9-F7FF-4B14-8226-647FF6C31E40}.Release|Any CPU.Build.0 = Release|Any CPU
		{15A7F419-FFC5-40ED-ACB6-9DA45D22C4BE}.Debug|Any CPU.ActiveCfg = Debug|Any CPU
		{15A7F419-FFC5-40ED-ACB6-9DA45D22C4BE}.Debug|Any CPU.Build.0 = Debug|Any CPU
		{15A7F419-FFC5-40ED-ACB6-9DA45D22C4BE}.Release|Any CPU.ActiveCfg = Release|Any CPU
		{15A7F419-FFC5-40ED-ACB6-9DA45D22C4BE}.Release|Any CPU.Build.0 = Release|Any CPU
		{3B480901-0B29-417E-A20D-B41AF7C995B2}.Debug|Any CPU.ActiveCfg = Debug|Any CPU
		{3B480901-0B29-417E-A20D-B41AF7C995B2}.Debug|Any CPU.Build.0 = Debug|Any CPU
		{3B480901-0B29-417E-A20D-B41AF7C995B2}.Release|Any CPU.ActiveCfg = Release|Any CPU
		{3B480901-0B29-417E-A20D-B41AF7C995B2}.Release|Any CPU.Build.0 = Release|Any CPU
	EndGlobalSection
	GlobalSection(SolutionProperties) = preSolution
		HideSolutionNode = FALSE
	EndGlobalSection
	GlobalSection(NestedProjects) = preSolution
		{20E6C7B1-489B-4266-8E73-A3B73C9CF3E4} = {8DD9E265-EA83-4FBE-B9DB-7D1A438C17B2}
		{DDD7F1F9-F7FF-4B14-8226-647FF6C31E40} = {50E8B4A1-0D7A-4A2F-B868-BCACF91C9D85}
		{15A7F419-FFC5-40ED-ACB6-9DA45D22C4BE} = {D2F37AA9-CA68-473E-B21C-A75027A8B65A}
		{3B480901-0B29-417E-A20D-B41AF7C995B2} = {228C47BD-FAB2-4CFC-9659-C56297B34AC6}
	EndGlobalSection
EndGlobal
